{
  "name": "playground",
  "version": "0.0.0",
  "lockfileVersion": 1,
  "requires": true,
  "dependencies": {
    "@concords/core": {
      "version": "0.4.10",
      "resolved": "https://registry.npmjs.org/@concords/core/-/core-0.4.10.tgz",
      "integrity": "sha512-vCuSUYXXx78sDu3DF20XZIcEvsT6bqv2sgRTF4RuINIAisZWwRBlVlLLfjXXjOaJY7VPMzvj7uirnATIVnK60Q==",
      "requires": {
        "hyperactiv": "^0.8.4",
        "idb": "^5.0.7",
        "tslib": "^2.0.3"
      }
    },
    "hyperactiv": {
      "version": "0.8.4",
      "resolved": "https://registry.npmjs.org/hyperactiv/-/hyperactiv-0.8.4.tgz",
      "integrity": "sha512-jptWGwJPBnp1LluQHwTNoT7SiERmeQy1g5gbUQXsJXsOsAypUVCJlKkvrFd7/QVhBqtAJnLNMehIzjuN7MP4kg=="
    },
    "idb": {
      "version": "5.0.8",
      "resolved": "https://registry.npmjs.org/idb/-/idb-5.0.8.tgz",
      "integrity": "sha512-K9xInRkVbT3ZsYimD2KVj6B4E93IBvOjEQTryu99WuuN7G+7x3SzA79+yubbX0QRN9V64Gi+L+ulG5QYTVydOg=="
    },
    "tslib": {
      "version": "2.1.0",
      "resolved": "https://registry.npmjs.org/tslib/-/tslib-2.1.0.tgz",
      "integrity": "sha512-hcVC3wYEziELGGmEEXue7D75zbwIIVUMWAVbHItGPx0ziyXxrOMQx4rQEVEV45Ut/1IotuEvwqPopzIOkDMf0A=="
    }
  }
}
